// !$*UTF8*$!
{
	archiveVersion = 1;
	classes = {
	};
	objectVersion = 46;
	objects = {

/* Begin PBXBuildFile section */
		11E540021A64A894001D323C /* AppDelegate.swift in Sources */ = {isa = PBXBuildFile; fileRef = 11E540011A64A894001D323C /* AppDelegate.swift */; };
		11E540041A64A894001D323C /* ViewController.swift in Sources */ = {isa = PBXBuildFile; fileRef = 11E540031A64A894001D323C /* ViewController.swift */; };
		11E540071A64A894001D323C /* Main.storyboard in Resources */ = {isa = PBXBuildFile; fileRef = 11E540051A64A894001D323C /* Main.storyboard */; };
		11E540091A64A894001D323C /* Images.xcassets in Resources */ = {isa = PBXBuildFile; fileRef = 11E540081A64A894001D323C /* Images.xcassets */; };
		11E5400C1A64A894001D323C /* LaunchScreen.xib in Resources */ = {isa = PBXBuildFile; fileRef = 11E5400A1A64A894001D323C /* LaunchScreen.xib */; };
		11E540181A64A894001D323C /* SwiftLocationTests.swift in Sources */ = {isa = PBXBuildFile; fileRef = 11E540171A64A894001D323C /* SwiftLocationTests.swift */; };
		11E540221A64ABB9001D323C /* LocationService.swift in Sources */ = {isa = PBXBuildFile; fileRef = 11E540211A64ABB9001D323C /* LocationService.swift */; };
		11E540241A64B3B4001D323C /* MainService.swift in Sources */ = {isa = PBXBuildFile; fileRef = 11E540231A64B3B4001D323C /* MainService.swift */; };
/* End PBXBuildFile section */

/* Begin PBXContainerItemProxy section */
		11E540121A64A894001D323C /* PBXContainerItemProxy */ = {
			isa = PBXContainerItemProxy;
			containerPortal = 11E53FF41A64A894001D323C /* Project object */;
			proxyType = 1;
			remoteGlobalIDString = 11E53FFB1A64A894001D323C;
			remoteInfo = SwiftLocation;
		};
/* End PBXContainerItemProxy section */

/* Begin PBXFileReference section */
		11E53FFC1A64A894001D323C /* SwiftLocation.app */ = {isa = PBXFileReference; explicitFileType = wrapper.application; includeInIndex = 0; path = SwiftLocation.app; sourceTree = BUILT_PRODUCTS_DIR; };
		11E540001A64A894001D323C /* Info.plist */ = {isa = PBXFileReference; lastKnownFileType = text.plist.xml; path = Info.plist; sourceTree = "<group>"; };
		11E540011A64A894001D323C /* AppDelegate.swift */ = {isa = PBXFileReference; lastKnownFileType = sourcecode.swift; path = AppDelegate.swift; sourceTree = "<group>"; };
		11E540031A64A894001D323C /* ViewController.swift */ = {isa = PBXFileReference; lastKnownFileType = sourcecode.swift; path = ViewController.swift; sourceTree = "<group>"; };
		11E540061A64A894001D323C /* Base */ = {isa = PBXFileReference; lastKnownFileType = file.storyboard; name = Base; path = Base.lproj/Main.storyboard; sourceTree = "<group>"; };
		11E540081A64A894001D323C /* Images.xcassets */ = {isa = PBXFileReference; lastKnownFileType = folder.assetcatalog; path = Images.xcassets; sourceTree = "<group>"; };
		11E5400B1A64A894001D323C /* Base */ = {isa = PBXFileReference; lastKnownFileType = file.xib; name = Base; path = Base.lproj/LaunchScreen.xib; sourceTree = "<group>"; };
		11E540111A64A894001D323C /* SwiftLocationTests.xctest */ = {isa = PBXFileReference; explicitFileType = wrapper.cfbundle; includeInIndex = 0; path = SwiftLocationTests.xctest; sourceTree = BUILT_PRODUCTS_DIR; };
		11E540161A64A894001D323C /* Info.plist */ = {isa = PBXFileReference; lastKnownFileType = text.plist.xml; path = Info.plist; sourceTree = "<group>"; };
		11E540171A64A894001D323C /* SwiftLocationTests.swift */ = {isa = PBXFileReference; lastKnownFileType = sourcecode.swift; path = SwiftLocationTests.swift; sourceTree = "<group>"; };
		11E540211A64ABB9001D323C /* LocationService.swift */ = {isa = PBXFileReference; fileEncoding = 4; lastKnownFileType = sourcecode.swift; path = LocationService.swift; sourceTree = "<group>"; };
		11E540231A64B3B4001D323C /* MainService.swift */ = {isa = PBXFileReference; fileEncoding = 4; lastKnownFileType = sourcecode.swift; path = MainService.swift; sourceTree = "<group>"; };
/* End PBXFileReference section */

/* Begin PBXFrameworksBuildPhase section */
		11E53FF91A64A894001D323C /* Frameworks */ = {
			isa = PBXFrameworksBuildPhase;
			buildActionMask = 2147483647;
			files = (
			);
			runOnlyForDeploymentPostprocessing = 0;
		};
		11E5400E1A64A894001D323C /* Frameworks */ = {
			isa = PBXFrameworksBuildPhase;
			buildActionMask = 2147483647;
			files = (
			);
			runOnlyForDeploymentPostprocessing = 0;
		};
/* End PBXFrameworksBuildPhase section */

/* Begin PBXGroup section */
		11E53FF31A64A894001D323C = {
			isa = PBXGroup;
			children = (
				11E53FFE1A64A894001D323C /* SwiftLocation */,
				11E540141A64A894001D323C /* SwiftLocationTests */,
				11E53FFD1A64A894001D323C /* Products */,
			);
			sourceTree = "<group>";
		};
		11E53FFD1A64A894001D323C /* Products */ = {
			isa = PBXGroup;
			children = (
				11E53FFC1A64A894001D323C /* SwiftLocation.app */,
				11E540111A64A894001D323C /* SwiftLocationTests.xctest */,
			);
			name = Products;
			sourceTree = "<group>";
		};
		11E53FFE1A64A894001D323C /* SwiftLocation */ = {
			isa = PBXGroup;
			children = (
				11E540011A64A894001D323C /* AppDelegate.swift */,
				11E540031A64A894001D323C /* ViewController.swift */,
				11E540051A64A894001D323C /* Main.storyboard */,
				11E540081A64A894001D323C /* Images.xcassets */,
				11E5400A1A64A894001D323C /* LaunchScreen.xib */,
				11E53FFF1A64A894001D323C /* Supporting Files */,
				11E540211A64ABB9001D323C /* LocationService.swift */,
				11E540231A64B3B4001D323C /* MainService.swift */,
			);
			path = SwiftLocation;
			sourceTree = "<group>";
		};
		11E53FFF1A64A894001D323C /* Supporting Files */ = {
			isa = PBXGroup;
			children = (
				11E540001A64A894001D323C /* Info.plist */,
			);
			name = "Supporting Files";
			sourceTree = "<group>";
		};
		11E540141A64A894001D323C /* SwiftLocationTests */ = {
			isa = PBXGroup;
			children = (
				11E540171A64A894001D323C /* SwiftLocationTests.swift */,
				11E540151A64A894001D323C /* Supporting Files */,
			);
			path = SwiftLocationTests;
			sourceTree = "<group>";
		};
		11E540151A64A894001D323C /* Supporting Files */ = {
			isa = PBXGroup;
			children = (
				11E540161A64A894001D323C /* Info.plist */,
			);
			name = "Supporting Files";
			sourceTree = "<group>";
		};
/* End PBXGroup section */

/* Begin PBXNativeTarget section */
		11E53FFB1A64A894001D323C /* SwiftLocation */ = {
			isa = PBXNativeTarget;
			buildConfigurationList = 11E5401B1A64A894001D323C /* Build configuration list for PBXNativeTarget "SwiftLocation" */;
			buildPhases = (
				11E53FF81A64A894001D323C /* Sources */,
				11E53FF91A64A894001D323C /* Frameworks */,
				11E53FFA1A64A894001D323C /* Resources */,
			);
			buildRules = (
			);
			dependencies = (
			);
			name = SwiftLocation;
			productName = SwiftLocation;
			productReference = 11E53FFC1A64A894001D323C /* SwiftLocation.app */;
			productType = "com.apple.product-type.application";
		};
		11E540101A64A894001D323C /* SwiftLocationTests */ = {
			isa = PBXNativeTarget;
			buildConfigurationList = 11E5401E1A64A894001D323C /* Build configuration list for PBXNativeTarget "SwiftLocationTests" */;
			buildPhases = (
				11E5400D1A64A894001D323C /* Sources */,
				11E5400E1A64A894001D323C /* Frameworks */,
				11E5400F1A64A894001D323C /* Resources */,
			);
			buildRules = (
			);
			dependencies = (
				11E540131A64A894001D323C /* PBXTargetDependency */,
			);
			name = SwiftLocationTests;
			productName = SwiftLocationTests;
			productReference = 11E540111A64A894001D323C /* SwiftLocationTests.xctest */;
			productType = "com.apple.product-type.bundle.unit-test";
		};
/* End PBXNativeTarget section */

/* Begin PBXProject section */
		11E53FF41A64A894001D323C /* Project object */ = {
			isa = PBXProject;
			attributes = {
				LastUpgradeCheck = 0620;
				ORGANIZATIONNAME = smartmongol;
				TargetAttributes = {
					11E53FFB1A64A894001D323C = {
						CreatedOnToolsVersion = 6.2;
					};
					11E540101A64A894001D323C = {
						CreatedOnToolsVersion = 6.2;
						TestTargetID = 11E53FFB1A64A894001D323C;
					};
				};
			};
			buildConfigurationList = 11E53FF71A64A894001D323C /* Build configuration list for PBXProject "SwiftLocation" */;
			compatibilityVersion = "Xcode 3.2";
			developmentRegion = English;
			hasScannedForEncodings = 0;
			knownRegions = (
				en,
				Base,
			);
			mainGroup = 11E53FF31A64A894001D323C;
			productRefGroup = 11E53FFD1A64A894001D323C /* Products */;
			projectDirPath = "";
			projectRoot = "";
			targets = (
				11E53FFB1A64A894001D323C /* SwiftLocation */,
				11E540101A64A894001D323C /* SwiftLocationTests */,
			);
		};
/* End PBXProject section */

/* Begin PBXResourcesBuildPhase section */
		11E53FFA1A64A894001D323C /* Resources */ = {
			isa = PBXResourcesBuildPhase;
			buildActionMask = 2147483647;
			files = (
				11E540071A64A894001D323C /* Main.storyboard in Resources */,
				11E5400C1A64A894001D323C /* LaunchScreen.xib in Resources */,
				11E540091A64A894001D323C /* Images.xcassets in Resources */,
			);
			runOnlyForDeploymentPostprocessing = 0;
		};
		11E5400F1A64A894001D323C /* Resources */ = {
			isa = PBXResourcesBuildPhase;
			buildActionMask = 2147483647;
			files = (
			);
			runOnlyForDeploymentPostprocessing = 0;
		};
/* End PBXResourcesBuildPhase section */

/* Begin PBXSourcesBuildPhase section */
		11E53FF81A64A894001D323C /* Sources */ = {
			isa = PBXSourcesBuildPhase;
			buildActionMask = 2147483647;
			files = (
				11E540041A64A894001D323C /* ViewController.swift in Sources */,
				11E540221A64ABB9001D323C /* LocationService.swift in Sources */,
				11E540241A64B3B4001D323C /* MainService.swift in Sources */,
				11E540021A64A894001D323C /* AppDelegate.swift in Sources */,
			);
			runOnlyForDeploymentPostprocessing = 0;
		};
		11E5400D1A64A894001D323C /* Sources */ = {
			isa = PBXSourcesBuildPhase;
			buildActionMask = 2147483647;
			files = (
				11E540181A64A894001D323C /* SwiftLocationTests.swift in Sources */,
			);
			runOnlyForDeploymentPostprocessing = 0;
		};
/* End PBXSourcesBuildPhase section */

/* Begin PBXTargetDependency section */
		11E540131A64A894001D323C /* PBXTargetDependency */ = {
			isa = PBXTargetDependency;
			target = 11E53FFB1A64A894001D323C /* SwiftLocation */;
			targetProxy = 11E540121A64A894001D323C /* PBXContainerItemProxy */;
		};
/* End PBXTargetDependency section */

/* Begin PBXVariantGroup section */
		11E540051A64A894001D323C /* Main.storyboard */ = {
			isa = PBXVariantGroup;
			children = (
				11E540061A64A894001D323C /* Base */,
			);
			name = Main.storyboard;
			sourceTree = "<group>";
		};
		11E5400A1A64A894001D323C /* LaunchScreen.xib */ = {
			isa = PBXVariantGroup;
			children = (
				11E5400B1A64A894001D323C /* Base */,
			);
			name = LaunchScreen.xib;
			sourceTree = "<group>";
		};
/* End PBXVariantGroup section */

/* Begin XCBuildConfiguration section */
		11E540191A64A894001D323C /* Debug */ = {
			isa = XCBuildConfiguration;
			buildSettings = {
				ALWAYS_SEARCH_USER_PATHS = NO;
				CLANG_CXX_LANGUAGE_STANDARD = "gnu++0x";
				CLANG_CXX_LIBRARY = "libc++";
				CLANG_ENABLE_MODULES = YES;
				CLANG_ENABLE_OBJC_ARC = YES;
				CLANG_WARN_BOOL_CONVERSION = YES;
				CLANG_WARN_CONSTANT_CONVERSION = YES;
				CLANG_WARN_DIRECT_OBJC_ISA_USAGE = YES_ERROR;
				CLANG_WARN_EMPTY_BODY = YES;
				CLANG_WARN_ENUM_CONVERSION = YES;
				CLANG_WARN_INT_CONVERSION = YES;
				CLANG_WARN_OBJC_ROOT_CLASS = YES_ERROR;
				CLANG_WARN_UNREACHABLE_CODE = YES;
				CLANG_WARN__DUPLICATE_METHOD_MATCH = YES;
				"CODE_SIGN_IDENTITY[sdk=iphoneos*]" = "iPhone Developer";
				COPY_PHASE_STRIP = NO;
				ENABLE_STRICT_OBJC_MSGSEND = YES;
				GCC_C_LANGUAGE_STANDARD = gnu99;
				GCC_DYNAMIC_NO_PIC = NO;
				GCC_OPTIMIZATION_LEVEL = 0;
				GCC_PREPROCESSOR_DEFINITIONS = (
					"DEBUG=1",
					"$(inherited)",
				);
				GCC_SYMBOLS_PRIVATE_EXTERN = NO;
				GCC_WARN_64_TO_32_BIT_CONVERSION = YES;
				GCC_WARN_ABOUT_RETURN_TYPE = YES_ERROR;
				GCC_WARN_UNDECLARED_SELECTOR = YES;
				GCC_WARN_UNINITIALIZED_AUTOS = YES_AGGRESSIVE;
				GCC_WARN_UNUSED_FUNCTION = YES;
				GCC_WARN_UNUSED_VARIABLE = YES;
				IPHONEOS_DEPLOYMENT_TARGET = 8.2;
				MTL_ENABLE_DEBUG_INFO = YES;
				ONLY_ACTIVE_ARCH = YES;
				SDKROOT = iphoneos;
				SWIFT_OPTIMIZATION_LEVEL = "-Onone";
				TARGETED_DEVICE_FAMILY = "1,2";
			};
			name = Debug;
		};
		11E5401A1A64A894001D323C /* Release */ = {
			isa = XCBuildConfiguration;
			buildSettings = {
				ALWAYS_SEARCH_USER_PATHS = NO;
				CLANG_CXX_LANGUAGE_STANDARD = "gnu++0x";
				CLANG_CXX_LIBRARY = "libc++";
				CLANG_ENABLE_MODULES = YES;
				CLANG_ENABLE_OBJC_ARC = YES;
				CLANG_WARN_BOOL_CONVERSION = YES;
				CLANG_WARN_CONSTANT_CONVERSION = YES;
				CLANG_WARN_DIRECT_OBJC_ISA_USAGE = YES_ERROR;
				CLANG_WARN_EMPTY_BODY = YES;
				CLANG_WARN_ENUM_CONVERSION = YES;
				CLANG_WARN_INT_CONVERSION = YES;
				CLANG_WARN_OBJC_ROOT_CLASS = YES_ERROR;
				CLANG_WARN_UNREACHABLE_CODE = YES;
				CLANG_WARN__DUPLICATE_METHOD_MATCH = YES;
				"CODE_SIGN_IDENTITY[sdk=iphoneos*]" = "iPhone Developer";
				COPY_PHASE_STRIP = YES;
				ENABLE_NS_ASSERTIONS = NO;
				ENABLE_STRICT_OBJC_MSGSEND = YES;
				GCC_C_LANGUAGE_STANDARD = gnu99;
				GCC_WARN_64_TO_32_BIT_CONVERSION = YES;
				GCC_WARN_ABOUT_RETURN_TYPE = YES_ERROR;
				GCC_WARN_UNDECLARED_SELECTOR = YES;
				GCC_WARN_UNINITIALIZED_AUTOS = YES_AGGRESSIVE;
				GCC_WARN_UNUSED_FUNCTION = YES;
				GCC_WARN_UNUSED_VARIABLE = YES;
				IPHONEOS_DEPLOYMENT_TARGET = 8.2;
				MTL_ENABLE_DEBUG_INFO = NO;
				SDKROOT = iphoneos;
				TARGETED_DEVICE_FAMILY = "1,2";
				VALIDATE_PRODUCT = YES;
			};
			name = Release;
		};
		11E5401C1A64A894001D323C /* Debug */ = {
			isa = XCBuildConfiguration;
			buildSettings = {
				ASSETCATALOG_COMPILER_APPICON_NAME = AppIcon;
				INFOPLIST_FILE = SwiftLocation/Info.plist;
				IPHONEOS_DEPLOYMENT_TARGET = 8.0;
				LD_RUNPATH_SEARCH_PATHS = "$(inherited) @executable_path/Frameworks";
				PRODUCT_NAME = "$(TARGET_NAME)";
			};
			name = Debug;
		};
		11E5401D1A64A894001D323C /* Release */ = {
			isa = XCBuildConfiguration;
			buildSettings = {
				ASSETCATALOG_COMPILER_APPICON_NAME = AppIcon;
				INFOPLIST_FILE = SwiftLocation/Info.plist;
				IPHONEOS_DEPLOYMENT_TARGET = 8.0;
				LD_RUNPATH_SEARCH_PATHS = "$(inherited) @executable_path/Frameworks";
				PRODUCT_NAME = "$(TARGET_NAME)";
			};
			name = Release;
		};
		11E5401F1A64A894001D323C /* Debug */ = {
			isa = XCBuildConfiguration;
			buildSettings = {
				BUNDLE_LOADER = "$(TEST_HOST)";
				FRAMEWORK_SEARCH_PATHS = (
					"$(SDKROOT)/Developer/Library/Frameworks",
					"$(inherited)",
				);
				GCC_PREPROCESSOR_DEFINITIONS = (
					"DEBUG=1",
					"$(inherited)",
				);
				INFOPLIST_FILE = SwiftLocationTests/Info.plist;
				LD_RUNPATH_SEARCH_PATHS = "$(inherited) @executable_path/Frameworks @loader_path/Frameworks";
				PRODUCT_NAME = "$(TARGET_NAME)";
				TEST_HOST = "$(BUILT_PRODUCTS_DIR)/SwiftLocation.app/SwiftLocation";
			};
			name = Debug;
		};
		11E540201A64A894001D323C /* Release */ = {
			isa = XCBuildConfiguration;
			buildSettings = {
				BUNDLE_LOADER = "$(TEST_HOST)";
				FRAMEWORK_SEARCH_PATHS = (
					"$(SDKROOT)/Developer/Library/Frameworks",
					"$(inherited)",
				);
				INFOPLIST_FILE = SwiftLocationTests/Info.plist;
				LD_RUNPATH_SEARCH_PATHS = "$(inherited) @executable_path/Frameworks @loader_path/Frameworks";
				PRODUCT_NAME = "$(TARGET_NAME)";
				TEST_HOST = "$(BUILT_PRODUCTS_DIR)/SwiftLocation.app/SwiftLocation";
			};
			name = Release;
		};
/* End XCBuildConfiguration section */

/* Begin XCConfigurationList section */
		11E53FF71A64A894001D323C /* Build configuration list for PBXProject "SwiftLocation" */ = {
			isa = XCConfigurationList;
			buildConfigurations = (
				11E540191A64A894001D323C /* Debug */,
				11E5401A1A64A894001D323C /* Release */,
			);
			defaultConfigurationIsVisible = 0;
			defaultConfigurationName = Release;
		};
		11E5401B1A64A894001D323C /* Build configuration list for PBXNativeTarget "SwiftLocation" */ = {
			isa = XCConfigurationList;
			buildConfigurations = (
				11E5401C1A64A894001D323C /* Debug */,
				11E5401D1A64A894001D323C /* Release */,
			);
			defaultConfigurationIsVisible = 0;
			defaultConfigurationName = Release;
		};
		11E5401E1A64A894001D323C /* Build configuration list for PBXNativeTarget "SwiftLocationTests" */ = {
			isa = XCConfigurationList;
			buildConfigurations = (
				11E5401F1A64A894001D323C /* Debug */,
				11E540201A64A894001D323C /* Release */,
			);
			defaultConfigurationIsVisible = 0;
			defaultConfigurationName = Release;
		};
/* End XCConfigurationList section */
	};
	rootObject = 11E53FF41A64A894001D323C /* Project object */;
}
